{
  "name": "final-assessment",
  "version": "1.0.0",
  "lockfileVersion": 3,
  "requires": true,
  "packages": {
    "": {
      "name": "final-assessment",
      "version": "1.0.0",
      "license": "ISC",
      "dependencies": {
        "js-date-fairy": "^1.2.2",
        "stringamabob": "^1.0.1"
      }
    },
    "node_modules/js-date-fairy": {
      "version": "1.2.2",
      "resolved": "https://registry.npmjs.org/js-date-fairy/-/js-date-fairy-1.2.2.tgz",
      "integrity": "sha512-h0n7lCqrALEg/5AtvGt4vGsLzRrmoMpUkVvabDrGPu7/kadh4eb801AfPF5qJfxR/58fTrEOSd6K5qP/sqgX7Q==",
      "dependencies": {
        "js-date-fairy": "^1.0.1"
      }
    },
    "node_modules/stringamabob": {
      "version": "1.0.1",
      "resolved": "https://registry.npmjs.org/stringamabob/-/stringamabob-1.0.1.tgz",
      "integrity": "sha512-2D9Jq3HPgHmii1ntLdtaTOhRBZijPS2LqvQQZeaobTuSoxImLWHxbYYZL8JcoxlAFK7bkd0JxPXcFyGTx4N89w=="
    }
  }
}
